// !$*UTF8*$!
{
	archiveVersion = 1;
	classes = {
	};
	objectVersion = 50;
	objects = {

/* Begin PBXBuildFile section */
		B6B856B522D2A47C007937AC /* AppDelegate.swift in Sources */ = {isa = PBXBuildFile; fileRef = B6B856B422D2A47C007937AC /* AppDelegate.swift */; };
		B6B856B722D2A47C007937AC /* GameScene.sks in Resources */ = {isa = PBXBuildFile; fileRef = B6B856B622D2A47C007937AC /* GameScene.sks */; };
		B6B856B922D2A47C007937AC /* Actions.sks in Resources */ = {isa = PBXBuildFile; fileRef = B6B856B822D2A47C007937AC /* Actions.sks */; };
		B6B856BB22D2A47C007937AC /* GameScene.swift in Sources */ = {isa = PBXBuildFile; fileRef = B6B856BA22D2A47C007937AC /* GameScene.swift */; };
		B6B856BD22D2A47C007937AC /* GameViewController.swift in Sources */ = {isa = PBXBuildFile; fileRef = B6B856BC22D2A47C007937AC /* GameViewController.swift */; };
		B6B856C022D2A47C007937AC /* Main.storyboard in Resources */ = {isa = PBXBuildFile; fileRef = B6B856BE22D2A47C007937AC /* Main.storyboard */; };
		B6B856C222D2A47F007937AC /* Assets.xcassets in Resources */ = {isa = PBXBuildFile; fileRef = B6B856C122D2A47F007937AC /* Assets.xcassets */; };
		B6B856C522D2A47F007937AC /* LaunchScreen.storyboard in Resources */ = {isa = PBXBuildFile; fileRef = B6B856C322D2A47F007937AC /* LaunchScreen.storyboard */; };
		B6B856D022D2A47F007937AC /* HopperTests.swift in Sources */ = {isa = PBXBuildFile; fileRef = B6B856CF22D2A47F007937AC /* HopperTests.swift */; };
		B6B856DB22D2A47F007937AC /* HopperUITests.swift in Sources */ = {isa = PBXBuildFile; fileRef = B6B856DA22D2A47F007937AC /* HopperUITests.swift */; };
/* End PBXBuildFile section */

/* Begin PBXContainerItemProxy section */
		B6B856CC22D2A47F007937AC /* PBXContainerItemProxy */ = {
			isa = PBXContainerItemProxy;
			containerPortal = B6B856A922D2A47C007937AC /* Project object */;
			proxyType = 1;
			remoteGlobalIDString = B6B856B022D2A47C007937AC;
			remoteInfo = Hopper;
		};
		B6B856D722D2A47F007937AC /* PBXContainerItemProxy */ = {
			isa = PBXContainerItemProxy;
			containerPortal = B6B856A922D2A47C007937AC /* Project object */;
			proxyType = 1;
			remoteGlobalIDString = B6B856B022D2A47C007937AC;
			remoteInfo = Hopper;
		};
/* End PBXContainerItemProxy section */

/* Begin PBXFileReference section */
		B6B856B122D2A47C007937AC /* Hopper.app */ = {isa = PBXFileReference; explicitFileType = wrapper.application; includeInIndex = 0; path = Hopper.app; sourceTree = BUILT_PRODUCTS_DIR; };
		B6B856B422D2A47C007937AC /* AppDelegate.swift */ = {isa = PBXFileReference; lastKnownFileType = sourcecode.swift; path = AppDelegate.swift; sourceTree = "<group>"; };
		B6B856B622D2A47C007937AC /* GameScene.sks */ = {isa = PBXFileReference; lastKnownFileType = file.sks; path = GameScene.sks; sourceTree = "<group>"; };
		B6B856B822D2A47C007937AC /* Actions.sks */ = {isa = PBXFileReference; lastKnownFileType = file.sks; path = Actions.sks; sourceTree = "<group>"; };
		B6B856BA22D2A47C007937AC /* GameScene.swift */ = {isa = PBXFileReference; lastKnownFileType = sourcecode.swift; path = GameScene.swift; sourceTree = "<group>"; };
		B6B856BC22D2A47C007937AC /* GameViewController.swift */ = {isa = PBXFileReference; lastKnownFileType = sourcecode.swift; path = GameViewController.swift; sourceTree = "<group>"; };
		B6B856BF22D2A47C007937AC /* Base */ = {isa = PBXFileReference; lastKnownFileType = file.storyboard; name = Base; path = Base.lproj/Main.storyboard; sourceTree = "<group>"; };
		B6B856C122D2A47F007937AC /* Assets.xcassets */ = {isa = PBXFileReference; lastKnownFileType = folder.assetcatalog; path = Assets.xcassets; sourceTree = "<group>"; };
		B6B856C422D2A47F007937AC /* Base */ = {isa = PBXFileReference; lastKnownFileType = file.storyboard; name = Base; path = Base.lproj/LaunchScreen.storyboard; sourceTree = "<group>"; };
		B6B856C622D2A47F007937AC /* Info.plist */ = {isa = PBXFileReference; lastKnownFileType = text.plist.xml; path = Info.plist; sourceTree = "<group>"; };
		B6B856CB22D2A47F007937AC /* HopperTests.xctest */ = {isa = PBXFileReference; explicitFileType = wrapper.cfbundle; includeInIndex = 0; path = HopperTests.xctest; sourceTree = BUILT_PRODUCTS_DIR; };
		B6B856CF22D2A47F007937AC /* HopperTests.swift */ = {isa = PBXFileReference; lastKnownFileType = sourcecode.swift; path = HopperTests.swift; sourceTree = "<group>"; };
		B6B856D122D2A47F007937AC /* Info.plist */ = {isa = PBXFileReference; lastKnownFileType = text.plist.xml; path = Info.plist; sourceTree = "<group>"; };
		B6B856D622D2A47F007937AC /* HopperUITests.xctest */ = {isa = PBXFileReference; explicitFileType = wrapper.cfbundle; includeInIndex = 0; path = HopperUITests.xctest; sourceTree = BUILT_PRODUCTS_DIR; };
		B6B856DA22D2A47F007937AC /* HopperUITests.swift */ = {isa = PBXFileReference; lastKnownFileType = sourcecode.swift; path = HopperUITests.swift; sourceTree = "<group>"; };
		B6B856DC22D2A47F007937AC /* Info.plist */ = {isa = PBXFileReference; lastKnownFileType = text.plist.xml; path = Info.plist; sourceTree = "<group>"; };
/* End PBXFileReference section */

/* Begin PBXFrameworksBuildPhase section */
		B6B856AE22D2A47C007937AC /* Frameworks */ = {
			isa = PBXFrameworksBuildPhase;
			buildActionMask = 2147483647;
			files = (
			);
			runOnlyForDeploymentPostprocessing = 0;
		};
		B6B856C822D2A47F007937AC /* Frameworks */ = {
			isa = PBXFrameworksBuildPhase;
			buildActionMask = 2147483647;
			files = (
			);
			runOnlyForDeploymentPostprocessing = 0;
		};
		B6B856D322D2A47F007937AC /* Frameworks */ = {
			isa = PBXFrameworksBuildPhase;
			buildActionMask = 2147483647;
			files = (
			);
			runOnlyForDeploymentPostprocessing = 0;
		};
/* End PBXFrameworksBuildPhase section */

/* Begin PBXGroup section */
		B6B856A822D2A47C007937AC = {
			isa = PBXGroup;
			children = (
				B6B856B322D2A47C007937AC /* Hopper */,
				B6B856CE22D2A47F007937AC /* HopperTests */,
				B6B856D922D2A47F007937AC /* HopperUITests */,
				B6B856B222D2A47C007937AC /* Products */,
			);
			sourceTree = "<group>";
		};
		B6B856B222D2A47C007937AC /* Products */ = {
			isa = PBXGroup;
			children = (
				B6B856B122D2A47C007937AC /* Hopper.app */,
				B6B856CB22D2A47F007937AC /* HopperTests.xctest */,
				B6B856D622D2A47F007937AC /* HopperUITests.xctest */,
			);
			name = Products;
			sourceTree = "<group>";
		};
		B6B856B322D2A47C007937AC /* Hopper */ = {
			isa = PBXGroup;
			children = (
				B6B856B422D2A47C007937AC /* AppDelegate.swift */,
				B6B856B622D2A47C007937AC /* GameScene.sks */,
				B6B856B822D2A47C007937AC /* Actions.sks */,
				B6B856BA22D2A47C007937AC /* GameScene.swift */,
				B6B856BC22D2A47C007937AC /* GameViewController.swift */,
				B6B856BE22D2A47C007937AC /* Main.storyboard */,
				B6B856C122D2A47F007937AC /* Assets.xcassets */,
				B6B856C322D2A47F007937AC /* LaunchScreen.storyboard */,
				B6B856C622D2A47F007937AC /* Info.plist */,
			);
			path = Hopper;
			sourceTree = "<group>";
		};
		B6B856CE22D2A47F007937AC /* HopperTests */ = {
			isa = PBXGroup;
			children = (
				B6B856CF22D2A47F007937AC /* HopperTests.swift */,
				B6B856D122D2A47F007937AC /* Info.plist */,
			);
			path = HopperTests;
			sourceTree = "<group>";
		};
		B6B856D922D2A47F007937AC /* HopperUITests */ = {
			isa = PBXGroup;
			children = (
				B6B856DA22D2A47F007937AC /* HopperUITests.swift */,
				B6B856DC22D2A47F007937AC /* Info.plist */,
			);
			path = HopperUITests;
			sourceTree = "<group>";
		};
/* End PBXGroup section */

/* Begin PBXNativeTarget section */
		B6B856B022D2A47C007937AC /* Hopper */ = {
			isa = PBXNativeTarget;
			buildConfigurationList = B6B856DF22D2A47F007937AC /* Build configuration list for PBXNativeTarget "Hopper" */;
			buildPhases = (
				B6B856AD22D2A47C007937AC /* Sources */,
				B6B856AE22D2A47C007937AC /* Frameworks */,
				B6B856AF22D2A47C007937AC /* Resources */,
			);
			buildRules = (
			);
			dependencies = (
			);
			name = Hopper;
			productName = Hopper;
			productReference = B6B856B122D2A47C007937AC /* Hopper.app */;
			productType = "com.apple.product-type.application";
		};
		B6B856CA22D2A47F007937AC /* HopperTests */ = {
			isa = PBXNativeTarget;
			buildConfigurationList = B6B856E222D2A47F007937AC /* Build configuration list for PBXNativeTarget "HopperTests" */;
			buildPhases = (
				B6B856C722D2A47F007937AC /* Sources */,
				B6B856C822D2A47F007937AC /* Frameworks */,
				B6B856C922D2A47F007937AC /* Resources */,
			);
			buildRules = (
			);
			dependencies = (
				B6B856CD22D2A47F007937AC /* PBXTargetDependency */,
			);
			name = HopperTests;
			productName = HopperTests;
			productReference = B6B856CB22D2A47F007937AC /* HopperTests.xctest */;
			productType = "com.apple.product-type.bundle.unit-test";
		};
		B6B856D522D2A47F007937AC /* HopperUITests */ = {
			isa = PBXNativeTarget;
			buildConfigurationList = B6B856E522D2A47F007937AC /* Build configuration list for PBXNativeTarget "HopperUITests" */;
			buildPhases = (
				B6B856D222D2A47F007937AC /* Sources */,
				B6B856D322D2A47F007937AC /* Frameworks */,
				B6B856D422D2A47F007937AC /* Resources */,
			);
			buildRules = (
			);
			dependencies = (
				B6B856D822D2A47F007937AC /* PBXTargetDependency */,
			);
			name = HopperUITests;
			productName = HopperUITests;
			productReference = B6B856D622D2A47F007937AC /* HopperUITests.xctest */;
			productType = "com.apple.product-type.bundle.ui-testing";
		};
/* End PBXNativeTarget section */

/* Begin PBXProject section */
		B6B856A922D2A47C007937AC /* Project object */ = {
			isa = PBXProject;
			attributes = {
				LastSwiftUpdateCheck = 1020;
				LastUpgradeCheck = 1020;
				ORGANIZATIONNAME = asapinc;
				TargetAttributes = {
					B6B856B022D2A47C007937AC = {
						CreatedOnToolsVersion = 10.2.1;
					};
					B6B856CA22D2A47F007937AC = {
						CreatedOnToolsVersion = 10.2.1;
						TestTargetID = B6B856B022D2A47C007937AC;
					};
					B6B856D522D2A47F007937AC = {
						CreatedOnToolsVersion = 10.2.1;
						TestTargetID = B6B856B022D2A47C007937AC;
					};
				};
			};
			buildConfigurationList = B6B856AC22D2A47C007937AC /* Build configuration list for PBXProject "Hopper" */;
			compatibilityVersion = "Xcode 9.3";
			developmentRegion = en;
			hasScannedForEncodings = 0;
			knownRegions = (
				en,
				Base,
			);
			mainGroup = B6B856A822D2A47C007937AC;
			productRefGroup = B6B856B222D2A47C007937AC /* Products */;
			projectDirPath = "";
			projectRoot = "";
			targets = (
				B6B856B022D2A47C007937AC /* Hopper */,
				B6B856CA22D2A47F007937AC /* HopperTests */,
				B6B856D522D2A47F007937AC /* HopperUITests */,
			);
		};
/* End PBXProject section */

/* Begin PBXResourcesBuildPhase section */
		B6B856AF22D2A47C007937AC /* Resources */ = {
			isa = PBXResourcesBuildPhase;
			buildActionMask = 2147483647;
			files = (
				B6B856C022D2A47C007937AC /* Main.storyboard in Resources */,
				B6B856B722D2A47C007937AC /* GameScene.sks in Resources */,
				B6B856C222D2A47F007937AC /* Assets.xcassets in Resources */,
				B6B856C522D2A47F007937AC /* LaunchScreen.storyboard in Resources */,
				B6B856B922D2A47C007937AC /* Actions.sks in Resources */,
			);
			runOnlyForDeploymentPostprocessing = 0;
		};
		B6B856C922D2A47F007937AC /* Resources */ = {
			isa = PBXResourcesBuildPhase;
			buildActionMask = 2147483647;
			files = (
			);
			runOnlyForDeploymentPostprocessing = 0;
		};
		B6B856D422D2A47F007937AC /* Resources */ = {
			isa = PBXResourcesBuildPhase;
			buildActionMask = 2147483647;
			files = (
			);
			runOnlyForDeploymentPostprocessing = 0;
		};
/* End PBXResourcesBuildPhase section */

/* Begin PBXSourcesBuildPhase section */
		B6B856AD22D2A47C007937AC /* Sources */ = {
			isa = PBXSourcesBuildPhase;
			buildActionMask = 2147483647;
			files = (
				B6B856BB22D2A47C007937AC /* GameScene.swift in Sources */,
				B6B856BD22D2A47C007937AC /* GameViewController.swift in Sources */,
				B6B856B522D2A47C007937AC /* AppDelegate.swift in Sources */,
			);
			runOnlyForDeploymentPostprocessing = 0;
		};
		B6B856C722D2A47F007937AC /* Sources */ = {
			isa = PBXSourcesBuildPhase;
			buildActionMask = 2147483647;
			files = (
				B6B856D022D2A47F007937AC /* HopperTests.swift in Sources */,
			);
			runOnlyForDeploymentPostprocessing = 0;
		};
		B6B856D222D2A47F007937AC /* Sources */ = {
			isa = PBXSourcesBuildPhase;
			buildActionMask = 2147483647;
			files = (
				B6B856DB22D2A47F007937AC /* HopperUITests.swift in Sources */,
			);
			runOnlyForDeploymentPostprocessing = 0;
		};
/* End PBXSourcesBuildPhase section */

/* Begin PBXTargetDependency section */
		B6B856CD22D2A47F007937AC /* PBXTargetDependency */ = {
			isa = PBXTargetDependency;
			target = B6B856B022D2A47C007937AC /* Hopper */;
			targetProxy = B6B856CC22D2A47F007937AC /* PBXContainerItemProxy */;
		};
		B6B856D822D2A47F007937AC /* PBXTargetDependency */ = {
			isa = PBXTargetDependency;
			target = B6B856B022D2A47C007937AC /* Hopper */;
			targetProxy = B6B856D722D2A47F007937AC /* PBXContainerItemProxy */;
		};
/* End PBXTargetDependency section */

/* Begin PBXVariantGroup section */
		B6B856BE22D2A47C007937AC /* Main.storyboard */ = {
			isa = PBXVariantGroup;
			children = (
				B6B856BF22D2A47C007937AC /* Base */,
			);
			name = Main.storyboard;
			sourceTree = "<group>";
		};
		B6B856C322D2A47F007937AC /* LaunchScreen.storyboard */ = {
			isa = PBXVariantGroup;
			children = (
				B6B856C422D2A47F007937AC /* Base */,
			);
			name = LaunchScreen.storyboard;
			sourceTree = "<group>";
		};
/* End PBXVariantGroup section */

/* Begin XCBuildConfiguration section */
		B6B856DD22D2A47F007937AC /* Debug */ = {
			isa = XCBuildConfiguration;
			buildSettings = {
				ALWAYS_SEARCH_USER_PATHS = NO;
				CLANG_ANALYZER_NONNULL = YES;
				CLANG_ANALYZER_NUMBER_OBJECT_CONVERSION = YES_AGGRESSIVE;
				CLANG_CXX_LANGUAGE_STANDARD = "gnu++14";
				CLANG_CXX_LIBRARY = "libc++";
				CLANG_ENABLE_MODULES = YES;
				CLANG_ENABLE_OBJC_ARC = YES;
				CLANG_ENABLE_OBJC_WEAK = YES;
				CLANG_WARN_BLOCK_CAPTURE_AUTORELEASING = YES;
				CLANG_WARN_BOOL_CONVERSION = YES;
				CLANG_WARN_COMMA = YES;
				CLANG_WARN_CONSTANT_CONVERSION = YES;
				CLANG_WARN_DEPRECATED_OBJC_IMPLEMENTATIONS = YES;
				CLANG_WARN_DIRECT_OBJC_ISA_USAGE = YES_ERROR;
				CLANG_WARN_DOCUMENTATION_COMMENTS = YES;
				CLANG_WARN_EMPTY_BODY = YES;
				CLANG_WARN_ENUM_CONVERSION = YES;
				CLANG_WARN_INFINITE_RECURSION = YES;
				CLANG_WARN_INT_CONVERSION = YES;
				CLANG_WARN_NON_LITERAL_NULL_CONVERSION = YES;
				CLANG_WARN_OBJC_IMPLICIT_RETAIN_SELF = YES;
				CLANG_WARN_OBJC_LITERAL_CONVERSION = YES;
				CLANG_WARN_OBJC_ROOT_CLASS = YES_ERROR;
				CLANG_WARN_RANGE_LOOP_ANALYSIS = YES;
				CLANG_WARN_STRICT_PROTOTYPES = YES;
				CLANG_WARN_SUSPICIOUS_MOVE = YES;
				CLANG_WARN_UNGUARDED_AVAILABILITY = YES_AGGRESSIVE;
				CLANG_WARN_UNREACHABLE_CODE = YES;
				CLANG_WARN__DUPLICATE_METHOD_MATCH = YES;
				CODE_SIGN_IDENTITY = "iPhone Developer";
				COPY_PHASE_STRIP = NO;
				DEBUG_INFORMATION_FORMAT = dwarf;
				ENABLE_STRICT_OBJC_MSGSEND = YES;
				ENABLE_TESTABILITY = YES;
				GCC_C_LANGUAGE_STANDARD = gnu11;
				GCC_DYNAMIC_NO_PIC = NO;
				GCC_NO_COMMON_BLOCKS = YES;
				GCC_OPTIMIZATION_LEVEL = 0;
				GCC_PREPROCESSOR_DEFINITIONS = (
					"DEBUG=1",
					"$(inherited)",
				);
				GCC_WARN_64_TO_32_BIT_CONVERSION = YES;
				GCC_WARN_ABOUT_RETURN_TYPE = YES_ERROR;
				GCC_WARN_UNDECLARED_SELECTOR = YES;
				GCC_WARN_UNINITIALIZED_AUTOS = YES_AGGRESSIVE;
				GCC_WARN_UNUSED_FUNCTION = YES;
				GCC_WARN_UNUSED_VARIABLE = YES;
				IPHONEOS_DEPLOYMENT_TARGET = 12.2;
				MTL_ENABLE_DEBUG_INFO = INCLUDE_SOURCE;
				MTL_FAST_MATH = YES;
				ONLY_ACTIVE_ARCH = YES;
				SDKROOT = iphoneos;
				SWIFT_ACTIVE_COMPILATION_CONDITIONS = DEBUG;
				SWIFT_OPTIMIZATION_LEVEL = "-Onone";
			};
			name = Debug;
		};
		B6B856DE22D2A47F007937AC /* Release */ = {
			isa = XCBuildConfiguration;
			buildSettings = {
				ALWAYS_SEARCH_USER_PATHS = NO;
				CLANG_ANALYZER_NONNULL = YES;
				CLANG_ANALYZER_NUMBER_OBJECT_CONVERSION = YES_AGGRESSIVE;
				CLANG_CXX_LANGUAGE_STANDARD = "gnu++14";
				CLANG_CXX_LIBRARY = "libc++";
				CLANG_ENABLE_MODULES = YES;
				CLANG_ENABLE_OBJC_ARC = YES;
				CLANG_ENABLE_OBJC_WEAK = YES;
				CLANG_WARN_BLOCK_CAPTURE_AUTORELEASING = YES;
				CLANG_WARN_BOOL_CONVERSION = YES;
				CLANG_WARN_COMMA = YES;
				CLANG_WARN_CONSTANT_CONVERSION = YES;
				CLANG_WARN_DEPRECATED_OBJC_IMPLEMENTATIONS = YES;
				CLANG_WARN_DIRECT_OBJC_ISA_USAGE = YES_ERROR;
				CLANG_WARN_DOCUMENTATION_COMMENTS = YES;
				CLANG_WARN_EMPTY_BODY = YES;
				CLANG_WARN_ENUM_CONVERSION = YES;
				CLANG_WARN_INFINITE_RECURSION = YES;
				CLANG_WARN_INT_CONVERSION = YES;
				CLANG_WARN_NON_LITERAL_NULL_CONVERSION = YES;
				CLANG_WARN_OBJC_IMPLICIT_RETAIN_SELF = YES;
				CLANG_WARN_OBJC_LITERAL_CONVERSION = YES;
				CLANG_WARN_OBJC_ROOT_CLASS = YES_ERROR;
				CLANG_WARN_RANGE_LOOP_ANALYSIS = YES;
				CLANG_WARN_STRICT_PROTOTYPES = YES;
				CLANG_WARN_SUSPICIOUS_MOVE = YES;
				CLANG_WARN_UNGUARDED_AVAILABILITY = YES_AGGRESSIVE;
				CLANG_WARN_UNREACHABLE_CODE = YES;
				CLANG_WARN__DUPLICATE_METHOD_MATCH = YES;
				CODE_SIGN_IDENTITY = "iPhone Developer";
				COPY_PHASE_STRIP = NO;
				DEBUG_INFORMATION_FORMAT = "dwarf-with-dsym";
				ENABLE_NS_ASSERTIONS = NO;
				ENABLE_STRICT_OBJC_MSGSEND = YES;
				GCC_C_LANGUAGE_STANDARD = gnu11;
				GCC_NO_COMMON_BLOCKS = YES;
				GCC_WARN_64_TO_32_BIT_CONVERSION = YES;
				GCC_WARN_ABOUT_RETURN_TYPE = YES_ERROR;
				GCC_WARN_UNDECLARED_SELECTOR = YES;
				GCC_WARN_UNINITIALIZED_AUTOS = YES_AGGRESSIVE;
				GCC_WARN_UNUSED_FUNCTION = YES;
				GCC_WARN_UNUSED_VARIABLE = YES;
				IPHONEOS_DEPLOYMENT_TARGET = 12.2;
				MTL_ENABLE_DEBUG_INFO = NO;
				MTL_FAST_MATH = YES;
				SDKROOT = iphoneos;
				SWIFT_COMPILATION_MODE = wholemodule;
				SWIFT_OPTIMIZATION_LEVEL = "-O";
				VALIDATE_PRODUCT = YES;
			};
			name = Release;
		};
		B6B856E022D2A47F007937AC /* Debug */ = {
			isa = XCBuildConfiguration;
			buildSettings = {
				ASSETCATALOG_COMPILER_APPICON_NAME = AppIcon;
				CODE_SIGN_STYLE = Automatic;
				DEVELOPMENT_TEAM = B8RKBX27PK;
				INFOPLIST_FILE = Hopper/Info.plist;
				LD_RUNPATH_SEARCH_PATHS = (
					"$(inherited)",
					"@executable_path/Frameworks",
				);
				PRODUCT_BUNDLE_IDENTIFIER = com.asapinc.Hopper;
				PRODUCT_NAME = "$(TARGET_NAME)";
				SWIFT_VERSION = 5.0;
				TARGETED_DEVICE_FAMILY = 1;
			};
			name = Debug;
		};
		B6B856E122D2A47F007937AC /* Release */ = {
			isa = XCBuildConfiguration;
			buildSettings = {
				ASSETCATALOG_COMPILER_APPICON_NAME = AppIcon;
				CODE_SIGN_STYLE = Automatic;
				DEVELOPMENT_TEAM = B8RKBX27PK;
				INFOPLIST_FILE = Hopper/Info.plist;
				LD_RUNPATH_SEARCH_PATHS = (
					"$(inherited)",
					"@executable_path/Frameworks",
				);
				PRODUCT_BUNDLE_IDENTIFIER = com.asapinc.Hopper;
				PRODUCT_NAME = "$(TARGET_NAME)";
				SWIFT_VERSION = 5.0;
				TARGETED_DEVICE_FAMILY = 1;
			};
			name = Release;
		};
		B6B856E322D2A47F007937AC /* Debug */ = {
			isa = XCBuildConfiguration;
			buildSettings = {
				ALWAYS_EMBED_SWIFT_STANDARD_LIBRARIES = YES;
				BUNDLE_LOADER = "$(TEST_HOST)";
				CODE_SIGN_STYLE = Automatic;
				DEVELOPMENT_TEAM = B8RKBX27PK;
				INFOPLIST_FILE = HopperTests/Info.plist;
				LD_RUNPATH_SEARCH_PATHS = (
					"$(inherited)",
					"@executable_path/Frameworks",
					"@loader_path/Frameworks",
				);
				PRODUCT_BUNDLE_IDENTIFIER = com.asapinc.HopperTests;
				PRODUCT_NAME = "$(TARGET_NAME)";
				SWIFT_VERSION = 5.0;
				TARGETED_DEVICE_FAMILY = "1,2";
				TEST_HOST = "$(BUILT_PRODUCTS_DIR)/Hopper.app/Hopper";
			};
			name = Debug;
		};
		B6B856E422D2A47F007937AC /* Release */ = {
			isa = XCBuildConfiguration;
			buildSettings = {
				ALWAYS_EMBED_SWIFT_STANDARD_LIBRARIES = YES;
				BUNDLE_LOADER = "$(TEST_HOST)";
				CODE_SIGN_STYLE = Automatic;
				DEVELOPMENT_TEAM = B8RKBX27PK;
				INFOPLIST_FILE = HopperTests/Info.plist;
				LD_RUNPATH_SEARCH_PATHS = (
					"$(inherited)",
					"@executable_path/Frameworks",
					"@loader_path/Frameworks",
				);
				PRODUCT_BUNDLE_IDENTIFIER = com.asapinc.HopperTests;
				PRODUCT_NAME = "$(TARGET_NAME)";
				SWIFT_VERSION = 5.0;
				TARGETED_DEVICE_FAMILY = "1,2";
				TEST_HOST = "$(BUILT_PRODUCTS_DIR)/Hopper.app/Hopper";
			};
			name = Release;
		};
		B6B856E622D2A47F007937AC /* Debug */ = {
			isa = XCBuildConfiguration;
			buildSettings = {
				ALWAYS_EMBED_SWIFT_STANDARD_LIBRARIES = YES;
				CODE_SIGN_STYLE = Automatic;
				DEVELOPMENT_TEAM = B8RKBX27PK;
				INFOPLIST_FILE = HopperUITests/Info.plist;
				LD_RUNPATH_SEARCH_PATHS = (
					"$(inherited)",
					"@executable_path/Frameworks",
					"@loader_path/Frameworks",
				);
				PRODUCT_BUNDLE_IDENTIFIER = com.asapinc.HopperUITests;
				PRODUCT_NAME = "$(TARGET_NAME)";
				SWIFT_VERSION = 5.0;
				TARGETED_DEVICE_FAMILY = "1,2";
				TEST_TARGET_NAME = Hopper;
			};
			name = Debug;
		};
		B6B856E722D2A47F007937AC /* Release */ = {
			isa = XCBuildConfiguration;
			buildSettings = {
				ALWAYS_EMBED_SWIFT_STANDARD_LIBRARIES = YES;
				CODE_SIGN_STYLE = Automatic;
				DEVELOPMENT_TEAM = B8RKBX27PK;
				INFOPLIST_FILE = HopperUITests/Info.plist;
				LD_RUNPATH_SEARCH_PATHS = (
					"$(inherited)",
					"@executable_path/Frameworks",
					"@loader_path/Frameworks",
				);
				PRODUCT_BUNDLE_IDENTIFIER = com.asapinc.HopperUITests;
				PRODUCT_NAME = "$(TARGET_NAME)";
				SWIFT_VERSION = 5.0;
				TARGETED_DEVICE_FAMILY = "1,2";
				TEST_TARGET_NAME = Hopper;
			};
			name = Release;
		};
/* End XCBuildConfiguration section */

/* Begin XCConfigurationList section */
		B6B856AC22D2A47C007937AC /* Build configuration list for PBXProject "Hopper" */ = {
			isa = XCConfigurationList;
			buildConfigurations = (
				B6B856DD22D2A47F007937AC /* Debug */,
				B6B856DE22D2A47F007937AC /* Release */,
			);
			defaultConfigurationIsVisible = 0;
			defaultConfigurationName = Release;
		};
		B6B856DF22D2A47F007937AC /* Build configuration list for PBXNativeTarget "Hopper" */ = {
			isa = XCConfigurationList;
			buildConfigurations = (
				B6B856E022D2A47F007937AC /* Debug */,
				B6B856E122D2A47F007937AC /* Release */,
			);
			defaultConfigurationIsVisible = 0;
			defaultConfigurationName = Release;
		};
		B6B856E222D2A47F007937AC /* Build configuration list for PBXNativeTarget "HopperTests" */ = {
			isa = XCConfigurationList;
			buildConfigurations = (
				B6B856E322D2A47F007937AC /* Debug */,
				B6B856E422D2A47F007937AC /* Release */,
			);
			defaultConfigurationIsVisible = 0;
			defaultConfigurationName = Release;
		};
		B6B856E522D2A47F007937AC /* Build configuration list for PBXNativeTarget "HopperUITests" */ = {
			isa = XCConfigurationList;
			buildConfigurations = (
				B6B856E622D2A47F007937AC /* Debug */,
				B6B856E722D2A47F007937AC /* Release */,
			);
			defaultConfigurationIsVisible = 0;
			defaultConfigurationName = Release;
		};
/* End XCConfigurationList section */
	};
	rootObject = B6B856A922D2A47C007937AC /* Project object */;
}
